// !$*UTF8*$!
{
	archiveVersion = 1;
	classes = {
	};
	objectVersion = 46;
	objects = {

/* Begin PBXBuildFile section */
		EC0798CD1B14107700507D7F /* LocationPeakViewController.swift in Sources */ = {isa = PBXBuildFile; fileRef = EC0798CC1B14107700507D7F /* LocationPeakViewController.swift */; };
		EC0798CF1B14122800507D7F /* MapKit.framework in Frameworks */ = {isa = PBXBuildFile; fileRef = EC0798CE1B14122800507D7F /* MapKit.framework */; };
		EC21857D1AAA7E2E00703CF9 /* custom_cell.swift in Sources */ = {isa = PBXBuildFile; fileRef = EC21857C1AAA7E2E00703CF9 /* custom_cell.swift */; };
		EC47B86B1ABFDA0A00ADBCC6 /* back1.png in Resources */ = {isa = PBXBuildFile; fileRef = EC47B8691ABFDA0A00ADBCC6 /* back1.png */; };
		EC47B86C1ABFDA0A00ADBCC6 /* back2.png in Resources */ = {isa = PBXBuildFile; fileRef = EC47B86A1ABFDA0A00ADBCC6 /* back2.png */; };
		EC47B86E1AC1360000ADBCC6 /* reply_cell.swift in Sources */ = {isa = PBXBuildFile; fileRef = EC47B86D1AC135FF00ADBCC6 /* reply_cell.swift */; };
		EC47B87D1AC480EA00ADBCC6 /* libGoogleAnalyticsServices.a in Frameworks */ = {isa = PBXBuildFile; fileRef = EC47B87C1AC480EA00ADBCC6 /* libGoogleAnalyticsServices.a */; };
		EC47B87F1AC480F300ADBCC6 /* CoreData.framework in Frameworks */ = {isa = PBXBuildFile; fileRef = EC47B87E1AC480F300ADBCC6 /* CoreData.framework */; };
		EC47B8811AC480FA00ADBCC6 /* SystemConfiguration.framework in Frameworks */ = {isa = PBXBuildFile; fileRef = EC47B8801AC480FA00ADBCC6 /* SystemConfiguration.framework */; };
		EC47B8831AC4810E00ADBCC6 /* libz.dylib in Frameworks */ = {isa = PBXBuildFile; fileRef = EC47B8821AC4810E00ADBCC6 /* libz.dylib */; };
		EC47B8851AC4811C00ADBCC6 /* libsqlite3.dylib in Frameworks */ = {isa = PBXBuildFile; fileRef = EC47B8841AC4811C00ADBCC6 /* libsqlite3.dylib */; };
		EC4EDD161AAF76D2006270F3 /* WriteCommentViewController.swift in Sources */ = {isa = PBXBuildFile; fileRef = EC4EDD151AAF76D2006270F3 /* WriteCommentViewController.swift */; };
		EC4EDD181AAFA53B006270F3 /* honey_full.jpg in Resources */ = {isa = PBXBuildFile; fileRef = EC4EDD171AAFA53B006270F3 /* honey_full.jpg */; };
		EC4EDD1A1AAFA56E006270F3 /* honey_empty.jpg in Resources */ = {isa = PBXBuildFile; fileRef = EC4EDD191AAFA56E006270F3 /* honey_empty.jpg */; };
		EC4EDD1C1AAFF217006270F3 /* data.swift in Sources */ = {isa = PBXBuildFile; fileRef = EC4EDD1B1AAFF217006270F3 /* data.swift */; };
		EC4EDD501AAFF32D006270F3 /* layout_1.xcdatamodeld in Sources */ = {isa = PBXBuildFile; fileRef = EC4EDD4E1AAFF32D006270F3 /* layout_1.xcdatamodeld */; };
		EC4EDD541AB00CEE006270F3 /* FBLoginViewController.swift in Sources */ = {isa = PBXBuildFile; fileRef = EC4EDD531AB00CEE006270F3 /* FBLoginViewController.swift */; };
		EC4EDD591AB012E6006270F3 /* FacebookSDK.framework in Frameworks */ = {isa = PBXBuildFile; fileRef = EC4EDD581AB012E6006270F3 /* FacebookSDK.framework */; };
		EC8016F51B2E6C26008CC953 /* ImageFocusController.swift in Sources */ = {isa = PBXBuildFile; fileRef = EC8016F41B2E6C26008CC953 /* ImageFocusController.swift */; };
		EC8016F71B2E9AE9008CC953 /* noun_53504_cc.png in Resources */ = {isa = PBXBuildFile; fileRef = EC8016F61B2E9AE8008CC953 /* noun_53504_cc.png */; };
		EC8016F91B2F7661008CC953 /* Social.framework in Frameworks */ = {isa = PBXBuildFile; fileRef = EC8016F81B2F7660008CC953 /* Social.framework */; };
		EC81398B1AC9DA9700985BC5 /* Camera Roll.png in Resources */ = {isa = PBXBuildFile; fileRef = EC81397C1AC9DA9700985BC5 /* Camera Roll.png */; };
		EC81398C1AC9DA9700985BC5 /* Comment.png in Resources */ = {isa = PBXBuildFile; fileRef = EC81397D1AC9DA9700985BC5 /* Comment.png */; };
		EC81398D1AC9DA9700985BC5 /* Create.png in Resources */ = {isa = PBXBuildFile; fileRef = EC81397E1AC9DA9700985BC5 /* Create.png */; };
		EC81398E1AC9DA9700985BC5 /* Feed_Active.png in Resources */ = {isa = PBXBuildFile; fileRef = EC81397F1AC9DA9700985BC5 /* Feed_Active.png */; };
		EC81398F1AC9DA9700985BC5 /* Feed.png in Resources */ = {isa = PBXBuildFile; fileRef = EC8139801AC9DA9700985BC5 /* Feed.png */; };
		EC8139901AC9DA9700985BC5 /* Follow.png in Resources */ = {isa = PBXBuildFile; fileRef = EC8139811AC9DA9700985BC5 /* Follow.png */; };
		EC8139911AC9DA9700985BC5 /* Like_Selected.png in Resources */ = {isa = PBXBuildFile; fileRef = EC8139821AC9DA9700985BC5 /* Like_Selected.png */; };
		EC8139921AC9DA9700985BC5 /* Like.png in Resources */ = {isa = PBXBuildFile; fileRef = EC8139831AC9DA9700985BC5 /* Like.png */; };
		EC8139931AC9DA9700985BC5 /* Location.png in Resources */ = {isa = PBXBuildFile; fileRef = EC8139841AC9DA9700985BC5 /* Location.png */; };
		EC8139941AC9DA9700985BC5 /* Me_Active.png in Resources */ = {isa = PBXBuildFile; fileRef = EC8139851AC9DA9700985BC5 /* Me_Active.png */; };
		EC8139951AC9DA9700985BC5 /* Me.png in Resources */ = {isa = PBXBuildFile; fileRef = EC8139861AC9DA9700985BC5 /* Me.png */; };
		EC8139961AC9DA9700985BC5 /* Photo.png in Resources */ = {isa = PBXBuildFile; fileRef = EC8139871AC9DA9700985BC5 /* Photo.png */; };
		EC8139971AC9DA9700985BC5 /* Share.png in Resources */ = {isa = PBXBuildFile; fileRef = EC8139881AC9DA9700985BC5 /* Share.png */; };
		EC8139981AC9DA9700985BC5 /* Time.png in Resources */ = {isa = PBXBuildFile; fileRef = EC8139891AC9DA9700985BC5 /* Time.png */; };
		EC8139991AC9DA9700985BC5 /* Unfollow.png in Resources */ = {isa = PBXBuildFile; fileRef = EC81398A1AC9DA9700985BC5 /* Unfollow.png */; };
		EC8B8AE91ACF5527002AD793 /* logo.png in Resources */ = {isa = PBXBuildFile; fileRef = EC8B8AE81ACF5527002AD793 /* logo.png */; };
		EC8B8AEB1ACF5624002AD793 /* appIcons in Resources */ = {isa = PBXBuildFile; fileRef = EC8B8AEA1ACF5624002AD793 /* appIcons */; };
		EC96CF7C1ADE3115002A3133 /* FollowingViewController.swift in Sources */ = {isa = PBXBuildFile; fileRef = EC96CF7B1ADE3115002A3133 /* FollowingViewController.swift */; };
		EC96CF7E1ADEE59A002A3133 /* Me2.png in Resources */ = {isa = PBXBuildFile; fileRef = EC96CF7D1ADEE59A002A3133 /* Me2.png */; };
		EC96CF801ADEE5A2002A3133 /* Feed2.png in Resources */ = {isa = PBXBuildFile; fileRef = EC96CF7F1ADEE5A2002A3133 /* Feed2.png */; };
		EC96CF821AE1F083002A3133 /* following.png in Resources */ = {isa = PBXBuildFile; fileRef = EC96CF811AE1F083002A3133 /* following.png */; };
		EC9986971AABE31F00E0583D /* ThirdViewController.swift in Sources */ = {isa = PBXBuildFile; fileRef = EC9986961AABE31F00E0583D /* ThirdViewController.swift */; };
		EC99869D1AABECD300E0583D /* ProfileViewController.swift in Sources */ = {isa = PBXBuildFile; fileRef = EC99869C1AABECD300E0583D /* ProfileViewController.swift */; };
		EC99A7831B11022F002CED89 /* custom_cell_location.swift in Sources */ = {isa = PBXBuildFile; fileRef = EC99A7821B11022F002CED89 /* custom_cell_location.swift */; };
		EC9B53BD1AA7ED1500348B31 /* AppDelegate.swift in Sources */ = {isa = PBXBuildFile; fileRef = EC9B53BC1AA7ED1500348B31 /* AppDelegate.swift */; };
		EC9B53C21AA7ED1500348B31 /* Main.storyboard in Resources */ = {isa = PBXBuildFile; fileRef = EC9B53C01AA7ED1500348B31 /* Main.storyboard */; };
		EC9B53C41AA7ED1500348B31 /* Images.xcassets in Resources */ = {isa = PBXBuildFile; fileRef = EC9B53C31AA7ED1500348B31 /* Images.xcassets */; };
		EC9B53C71AA7ED1500348B31 /* LaunchScreen.xib in Resources */ = {isa = PBXBuildFile; fileRef = EC9B53C51AA7ED1500348B31 /* LaunchScreen.xib */; };
		EC9B53D31AA7ED1500348B31 /* layout_1Tests.swift in Sources */ = {isa = PBXBuildFile; fileRef = EC9B53D21AA7ED1500348B31 /* layout_1Tests.swift */; };
		EC9C209B1AC4FF2F00811DB7 /* ViewController.swift in Sources */ = {isa = PBXBuildFile; fileRef = EC9C209A1AC4FF2F00811DB7 /* ViewController.swift */; };
		ECA1F2001AD1EE710072DE05 /* loader.gif in Resources */ = {isa = PBXBuildFile; fileRef = ECA1F1FF1AD1EE710072DE05 /* loader.gif */; };
		ECA1F2021AD1F3070072DE05 /* loader2.gif in Resources */ = {isa = PBXBuildFile; fileRef = ECA1F2011AD1F3070072DE05 /* loader2.gif */; };
		ECA628C81ABCBE0900B538DA /* custom_cell_no_images.swift in Sources */ = {isa = PBXBuildFile; fileRef = ECA628C71ABCBE0900B538DA /* custom_cell_no_images.swift */; };
		ECA90EB81AB5445200195A75 /* profile_cell.swift in Sources */ = {isa = PBXBuildFile; fileRef = ECA90EB71AB5445200195A75 /* profile_cell.swift */; };
		ECA90EBA1AB54F7800195A75 /* UserPostsViewController.swift in Sources */ = {isa = PBXBuildFile; fileRef = ECA90EB91AB54F7800195A75 /* UserPostsViewController.swift */; };
		ECA90EBC1AB551B800195A75 /* UserFriendsViewController.swift in Sources */ = {isa = PBXBuildFile; fileRef = ECA90EBB1AB551B800195A75 /* UserFriendsViewController.swift */; };
		ECA90EBE1AB55FFA00195A75 /* user_cell.swift in Sources */ = {isa = PBXBuildFile; fileRef = ECA90EBD1AB55FFA00195A75 /* user_cell.swift */; };
		ECA90EC01AB5653E00195A75 /* KarmaViewController.swift in Sources */ = {isa = PBXBuildFile; fileRef = ECA90EBF1AB5653E00195A75 /* KarmaViewController.swift */; };
		ECAE3B131AB188F500B5AD65 /* MyProfileViewController.swift in Sources */ = {isa = PBXBuildFile; fileRef = ECAE3B121AB188F500B5AD65 /* MyProfileViewController.swift */; };
		ECAE3B171AB2433A00B5AD65 /* Gif.swift in Sources */ = {isa = PBXBuildFile; fileRef = ECAE3B161AB2433A00B5AD65 /* Gif.swift */; };
		ECAE3B191AB3A6E800B5AD65 /* FirstSceneViewController.swift in Sources */ = {isa = PBXBuildFile; fileRef = ECAE3B181AB3A6E800B5AD65 /* FirstSceneViewController.swift */; };
		ECB095831ACC7C9200802E9F /* CustomTabBarViewController.swift in Sources */ = {isa = PBXBuildFile; fileRef = ECB095821ACC7C9200802E9F /* CustomTabBarViewController.swift */; };
		ECB095891ACCA6EA00802E9F /* backIcon.png in Resources */ = {isa = PBXBuildFile; fileRef = ECB095881ACCA6EA00802E9F /* backIcon.png */; };
		ECB0958B1ACCEB3400802E9F /* CommentLikersViewController.swift in Sources */ = {isa = PBXBuildFile; fileRef = ECB0958A1ACCEB3400802E9F /* CommentLikersViewController.swift */; };
		ECB0958D1ACD0BA300802E9F /* CommentReplyViewController.swift in Sources */ = {isa = PBXBuildFile; fileRef = ECB0958C1ACD0BA300802E9F /* CommentReplyViewController.swift */; };
		ECBAAFDA1B1BB4FD00A3F661 /* FBSDKShareKit.framework in Frameworks */ = {isa = PBXBuildFile; fileRef = ECBAAFD91B1BB4FD00A3F661 /* FBSDKShareKit.framework */; };
		ECBAAFDC1B1BB93B00A3F661 /* FBSDKCoreKit.framework in Frameworks */ = {isa = PBXBuildFile; fileRef = ECBAAFDB1B1BB93B00A3F661 /* FBSDKCoreKit.framework */; };
		ECC0B98F1AD3BE6C00B21BD0 /* NotificationsViewController.swift in Sources */ = {isa = PBXBuildFile; fileRef = ECC0B98E1AD3BE6C00B21BD0 /* NotificationsViewController.swift */; };
		ECCBD1271ACE4E2F005C0495 /* loginScreen.png in Resources */ = {isa = PBXBuildFile; fileRef = ECCBD1261ACE4E2F005C0495 /* loginScreen.png */; };
		ECCF393A1AD32D0300F8D6EB /* Raleway-Bold.ttf in Resources */ = {isa = PBXBuildFile; fileRef = ECCF39311AD32D0300F8D6EB /* Raleway-Bold.ttf */; };
		ECCF393B1AD32D0300F8D6EB /* Raleway-ExtraBold.ttf in Resources */ = {isa = PBXBuildFile; fileRef = ECCF39321AD32D0300F8D6EB /* Raleway-ExtraBold.ttf */; };
		ECCF393C1AD32D0300F8D6EB /* Raleway-ExtraLight.ttf in Resources */ = {isa = PBXBuildFile; fileRef = ECCF39331AD32D0300F8D6EB /* Raleway-ExtraLight.ttf */; };
		ECCF393D1AD32D0300F8D6EB /* Raleway-Heavy.ttf in Resources */ = {isa = PBXBuildFile; fileRef = ECCF39341AD32D0300F8D6EB /* Raleway-Heavy.ttf */; };
		ECCF393E1AD32D0300F8D6EB /* Raleway-Light.ttf in Resources */ = {isa = PBXBuildFile; fileRef = ECCF39351AD32D0300F8D6EB /* Raleway-Light.ttf */; };
		ECCF393F1AD32D0300F8D6EB /* Raleway-Medium.ttf in Resources */ = {isa = PBXBuildFile; fileRef = ECCF39361AD32D0300F8D6EB /* Raleway-Medium.ttf */; };
		ECCF39401AD32D0300F8D6EB /* Raleway-Regular.ttf in Resources */ = {isa = PBXBuildFile; fileRef = ECCF39371AD32D0300F8D6EB /* Raleway-Regular.ttf */; };
		ECCF39411AD32D0300F8D6EB /* Raleway-SemiBold.ttf in Resources */ = {isa = PBXBuildFile; fileRef = ECCF39381AD32D0300F8D6EB /* Raleway-SemiBold.ttf */; };
		ECCF39421AD32D0300F8D6EB /* Raleway-Thin.ttf in Resources */ = {isa = PBXBuildFile; fileRef = ECCF39391AD32D0300F8D6EB /* Raleway-Thin.ttf */; };
		ECDF21CF1B269084009BBC07 /* Security.framework in Frameworks */ = {isa = PBXBuildFile; fileRef = ECDF21CE1B269084009BBC07 /* Security.framework */; };
		ECDF21D51B2693F2009BBC07 /* Alau.me.framework in Frameworks */ = {isa = PBXBuildFile; fileRef = ECDF21D41B2693F2009BBC07 /* Alau.me.framework */; };
		ECF3C0161B2D5F7C00C70CE5 /* shareButton.png in Resources */ = {isa = PBXBuildFile; fileRef = ECF3C0151B2D5F7C00C70CE5 /* shareButton.png */; };
		ECF3C0191B2D616700C70CE5 /* heart_full.png in Resources */ = {isa = PBXBuildFile; fileRef = ECF3C0171B2D616700C70CE5 /* heart_full.png */; };
		ECF3C01A1B2D616700C70CE5 /* heart_empty.png in Resources */ = {isa = PBXBuildFile; fileRef = ECF3C0181B2D616700C70CE5 /* heart_empty.png */; };
		ECF5BDAD1AD581320098DD95 /* comment_tab_button.png in Resources */ = {isa = PBXBuildFile; fileRef = ECF5BDAC1AD581320098DD95 /* comment_tab_button.png */; };
		ECF5BDAF1AD582F10098DD95 /* Like_tab_button.png in Resources */ = {isa = PBXBuildFile; fileRef = ECF5BDAE1AD582F10098DD95 /* Like_tab_button.png */; };
		ECF5BDB11AD587D00098DD95 /* notification_cell.swift in Sources */ = {isa = PBXBuildFile; fileRef = ECF5BDB01AD587D00098DD95 /* notification_cell.swift */; };
		ECF5BDB31AD5F9190098DD95 /* alert_icon.png in Resources */ = {isa = PBXBuildFile; fileRef = ECF5BDB21AD5F9190098DD95 /* alert_icon.png */; };
		ECFDDD181AB7B9B3000F5880 /* blank.png in Resources */ = {isa = PBXBuildFile; fileRef = ECFDDD171AB7B9B3000F5880 /* blank.png */; };
		ECFDDD1C1AB94FF8000F5880 /* clicktoupload.png in Resources */ = {isa = PBXBuildFile; fileRef = ECFDDD1B1AB94FF8000F5880 /* clicktoupload.png */; };
/* End PBXBuildFile section */

/* Begin PBXContainerItemProxy section */
		EC9B53CD1AA7ED1500348B31 /* PBXContainerItemProxy */ = {
			isa = PBXContainerItemProxy;
			containerPortal = EC9B53AF1AA7ED1500348B31 /* Project object */;
			proxyType = 1;
			remoteGlobalIDString = EC9B53B61AA7ED1500348B31;
			remoteInfo = layout_1;
		};
/* End PBXContainerItemProxy section */

/* Begin PBXFileReference section */
		EC0798CC1B14107700507D7F /* LocationPeakViewController.swift */ = {isa = PBXFileReference; fileEncoding = 4; lastKnownFileType = sourcecode.swift; path = LocationPeakViewController.swift; sourceTree = "<group>"; };
		EC0798CE1B14122800507D7F /* MapKit.framework */ = {isa = PBXFileReference; lastKnownFileType = wrapper.framework; name = MapKit.framework; path = System/Library/Frameworks/MapKit.framework; sourceTree = SDKROOT; };
		EC21856F1AAA6D4F00703CF9 /* PMBPostTableViewCell.h */ = {isa = PBXFileReference; lastKnownFileType = sourcecode.c.h; path = PMBPostTableViewCell.h; sourceTree = "<group>"; };
		EC21857C1AAA7E2E00703CF9 /* custom_cell.swift */ = {isa = PBXFileReference; fileEncoding = 4; lastKnownFileType = sourcecode.swift; path = custom_cell.swift; sourceTree = "<group>"; };
		EC47B8691ABFDA0A00ADBCC6 /* back1.png */ = {isa = PBXFileReference; lastKnownFileType = image.png; path = back1.png; sourceTree = "<group>"; };
		EC47B86A1ABFDA0A00ADBCC6 /* back2.png */ = {isa = PBXFileReference; lastKnownFileType = image.png; path = back2.png; sourceTree = "<group>"; };
		EC47B86D1AC135FF00ADBCC6 /* reply_cell.swift */ = {isa = PBXFileReference; fileEncoding = 4; lastKnownFileType = sourcecode.swift; path = reply_cell.swift; sourceTree = "<group>"; };
		EC47B8721AC47E9B00ADBCC6 /* GAI.h */ = {isa = PBXFileReference; lastKnownFileType = sourcecode.c.h; path = GAI.h; sourceTree = "<group>"; };
		EC47B8731AC47E9B00ADBCC6 /* GAIDictionaryBuilder.h */ = {isa = PBXFileReference; lastKnownFileType = sourcecode.c.h; path = GAIDictionaryBuilder.h; sourceTree = "<group>"; };
		EC47B8741AC47E9B00ADBCC6 /* GAIEcommerceFields.h */ = {isa = PBXFileReference; lastKnownFileType = sourcecode.c.h; path = GAIEcommerceFields.h; sourceTree = "<group>"; };
		EC47B8751AC47E9B00ADBCC6 /* GAIEcommerceProduct.h */ = {isa = PBXFileReference; lastKnownFileType = sourcecode.c.h; path = GAIEcommerceProduct.h; sourceTree = "<group>"; };
		EC47B8761AC47E9B00ADBCC6 /* GAIEcommerceProductAction.h */ = {isa = PBXFileReference; lastKnownFileType = sourcecode.c.h; path = GAIEcommerceProductAction.h; sourceTree = "<group>"; };
		EC47B8771AC47E9B00ADBCC6 /* GAIEcommercePromotion.h */ = {isa = PBXFileReference; lastKnownFileType = sourcecode.c.h; path = GAIEcommercePromotion.h; sourceTree = "<group>"; };
		EC47B8781AC47E9B00ADBCC6 /* GAIFields.h */ = {isa = PBXFileReference; lastKnownFileType = sourcecode.c.h; path = GAIFields.h; sourceTree = "<group>"; };
		EC47B8791AC47E9B00ADBCC6 /* GAILogger.h */ = {isa = PBXFileReference; lastKnownFileType = sourcecode.c.h; path = GAILogger.h; sourceTree = "<group>"; };
		EC47B87A1AC47E9B00ADBCC6 /* GAITrackedViewController.h */ = {isa = PBXFileReference; lastKnownFileType = sourcecode.c.h; path = GAITrackedViewController.h; sourceTree = "<group>"; };
		EC47B87B1AC47E9B00ADBCC6 /* GAITracker.h */ = {isa = PBXFileReference; lastKnownFileType = sourcecode.c.h; path = GAITracker.h; sourceTree = "<group>"; };
		EC47B87C1AC480EA00ADBCC6 /* libGoogleAnalyticsServices.a */ = {isa = PBXFileReference; lastKnownFileType = archive.ar; name = libGoogleAnalyticsServices.a; path = ../../../Downloads/GoogleAnalyticsServicesiOS_3.10/libGoogleAnalyticsServices.a; sourceTree = "<group>"; };
		EC47B87E1AC480F300ADBCC6 /* CoreData.framework */ = {isa = PBXFileReference; lastKnownFileType = wrapper.framework; name = CoreData.framework; path = System/Library/Frameworks/CoreData.framework; sourceTree = SDKROOT; };
		EC47B8801AC480FA00ADBCC6 /* SystemConfiguration.framework */ = {isa = PBXFileReference; lastKnownFileType = wrapper.framework; name = SystemConfiguration.framework; path = System/Library/Frameworks/SystemConfiguration.framework; sourceTree = SDKROOT; };
		EC47B8821AC4810E00ADBCC6 /* libz.dylib */ = {isa = PBXFileReference; lastKnownFileType = "compiled.mach-o.dylib"; name = libz.dylib; path = usr/lib/libz.dylib; sourceTree = SDKROOT; };
		EC47B8841AC4811C00ADBCC6 /* libsqlite3.dylib */ = {isa = PBXFileReference; lastKnownFileType = "compiled.mach-o.dylib"; name = libsqlite3.dylib; path = usr/lib/libsqlite3.dylib; sourceTree = SDKROOT; };
		EC4EDD151AAF76D2006270F3 /* WriteCommentViewController.swift */ = {isa = PBXFileReference; fileEncoding = 4; lastKnownFileType = sourcecode.swift; path = WriteCommentViewController.swift; sourceTree = "<group>"; };
		EC4EDD171AAFA53B006270F3 /* honey_full.jpg */ = {isa = PBXFileReference; lastKnownFileType = image.jpeg; path = honey_full.jpg; sourceTree = "<group>"; };
		EC4EDD191AAFA56E006270F3 /* honey_empty.jpg */ = {isa = PBXFileReference; lastKnownFileType = image.jpeg; path = honey_empty.jpg; sourceTree = "<group>"; };
		EC4EDD1B1AAFF217006270F3 /* data.swift */ = {isa = PBXFileReference; fileEncoding = 4; lastKnownFileType = sourcecode.swift; path = data.swift; sourceTree = "<group>"; };
		EC4EDD4F1AAFF32D006270F3 /* tet_core_data.xcdatamodel */ = {isa = PBXFileReference; lastKnownFileType = wrapper.xcdatamodel; path = tet_core_data.xcdatamodel; sourceTree = "<group>"; };
		EC4EDD531AB00CEE006270F3 /* FBLoginViewController.swift */ = {isa = PBXFileReference; fileEncoding = 4; lastKnownFileType = sourcecode.swift; path = FBLoginViewController.swift; sourceTree = "<group>"; };
		EC4EDD561AB010BD006270F3 /* Bridging-Header.h */ = {isa = PBXFileReference; lastKnownFileType = sourcecode.c.h; path = "Bridging-Header.h"; sourceTree = "<group>"; };
		EC4EDD581AB012E6006270F3 /* FacebookSDK.framework */ = {isa = PBXFileReference; lastKnownFileType = wrapper.framework; name = FacebookSDK.framework; path = ../../../Documents/FacebookSDK/FacebookSDK.framework; sourceTree = "<group>"; };
		EC8016F41B2E6C26008CC953 /* ImageFocusController.swift */ = {isa = PBXFileReference; fileEncoding = 4; lastKnownFileType = sourcecode.swift; path = ImageFocusController.swift; sourceTree = "<group>"; };
		EC8016F61B2E9AE8008CC953 /* noun_53504_cc.png */ = {isa = PBXFileReference; lastKnownFileType = image.png; path = noun_53504_cc.png; sourceTree = "<group>"; };
		EC8016F81B2F7660008CC953 /* Social.framework */ = {isa = PBXFileReference; lastKnownFileType = wrapper.framework; name = Social.framework; path = System/Library/Frameworks/Social.framework; sourceTree = SDKROOT; };
		EC81397C1AC9DA9700985BC5 /* Camera Roll.png */ = {isa = PBXFileReference; lastKnownFileType = image.png; path = "Camera Roll.png"; sourceTree = "<group>"; };
		EC81397D1AC9DA9700985BC5 /* Comment.png */ = {isa = PBXFileReference; lastKnownFileType = image.png; path = Comment.png; sourceTree = "<group>"; };
		EC81397E1AC9DA9700985BC5 /* Create.png */ = {isa = PBXFileReference; lastKnownFileType = image.png; path = Create.png; sourceTree = "<group>"; };
		EC81397F1AC9DA9700985BC5 /* Feed_Active.png */ = {isa = PBXFileReference; lastKnownFileType = image.png; path = Feed_Active.png; sourceTree = "<group>"; };
		EC8139801AC9DA9700985BC5 /* Feed.png */ = {isa = PBXFileReference; lastKnownFileType = image.png; path = Feed.png; sourceTree = "<group>"; };
		EC8139811AC9DA9700985BC5 /* Follow.png */ = {isa = PBXFileReference; lastKnownFileType = image.png; path = Follow.png; sourceTree = "<group>"; };
		EC8139821AC9DA9700985BC5 /* Like_Selected.png */ = {isa = PBXFileReference; lastKnownFileType = image.png; path = Like_Selected.png; sourceTree = "<group>"; };
		EC8139831AC9DA9700985BC5 /* Like.png */ = {isa = PBXFileReference; lastKnownFileType = image.png; path = Like.png; sourceTree = "<group>"; };
		EC8139841AC9DA9700985BC5 /* Location.png */ = {isa = PBXFileReference; lastKnownFileType = image.png; path = Location.png; sourceTree = "<group>"; };
		EC8139851AC9DA9700985BC5 /* Me_Active.png */ = {isa = PBXFileReference; lastKnownFileType = image.png; path = Me_Active.png; sourceTree = "<group>"; };
		EC8139861AC9DA9700985BC5 /* Me.png */ = {isa = PBXFileReference; lastKnownFileType = image.png; path = Me.png; sourceTree = "<group>"; };
		EC8139871AC9DA9700985BC5 /* Photo.png */ = {isa = PBXFileReference; lastKnownFileType = image.png; path = Photo.png; sourceTree = "<group>"; };
		EC8139881AC9DA9700985BC5 /* Share.png */ = {isa = PBXFileReference; lastKnownFileType = image.png; path = Share.png; sourceTree = "<group>"; };
		EC8139891AC9DA9700985BC5 /* Time.png */ = {isa = PBXFileReference; lastKnownFileType = image.png; path = Time.png; sourceTree = "<group>"; };
		EC81398A1AC9DA9700985BC5 /* Unfollow.png */ = {isa = PBXFileReference; lastKnownFileType = image.png; path = Unfollow.png; sourceTree = "<group>"; };
		EC8B8AE81ACF5527002AD793 /* logo.png */ = {isa = PBXFileReference; lastKnownFileType = image.png; path = logo.png; sourceTree = "<group>"; };
		EC8B8AEA1ACF5624002AD793 /* appIcons */ = {isa = PBXFileReference; lastKnownFileType = folder; path = appIcons; sourceTree = "<group>"; };
		EC96CF7B1ADE3115002A3133 /* FollowingViewController.swift */ = {isa = PBXFileReference; fileEncoding = 4; lastKnownFileType = sourcecode.swift; path = FollowingViewController.swift; sourceTree = "<group>"; };
		EC96CF7D1ADEE59A002A3133 /* Me2.png */ = {isa = PBXFileReference; lastKnownFileType = image.png; path = Me2.png; sourceTree = "<group>"; };
		EC96CF7F1ADEE5A2002A3133 /* Feed2.png */ = {isa = PBXFileReference; lastKnownFileType = image.png; path = Feed2.png; sourceTree = "<group>"; };
		EC96CF811AE1F083002A3133 /* following.png */ = {isa = PBXFileReference; lastKnownFileType = image.png; path = following.png; sourceTree = "<group>"; };
		EC9986961AABE31F00E0583D /* ThirdViewController.swift */ = {isa = PBXFileReference; fileEncoding = 4; indentWidth = 5; lastKnownFileType = sourcecode.swift; path = ThirdViewController.swift; sourceTree = "<group>"; };
		EC99869C1AABECD300E0583D /* ProfileViewController.swift */ = {isa = PBXFileReference; fileEncoding = 4; lastKnownFileType = sourcecode.swift; path = ProfileViewController.swift; sourceTree = "<group>"; };
		EC99A7821B11022F002CED89 /* custom_cell_location.swift */ = {isa = PBXFileReference; fileEncoding = 4; lastKnownFileType = sourcecode.swift; path = custom_cell_location.swift; sourceTree = "<group>"; };
		EC9B53B71AA7ED1500348B31 /* layout_1.app */ = {isa = PBXFileReference; explicitFileType = wrapper.application; includeInIndex = 0; path = layout_1.app; sourceTree = BUILT_PRODUCTS_DIR; };
		EC9B53BB1AA7ED1500348B31 /* Info.plist */ = {isa = PBXFileReference; lastKnownFileType = text.plist.xml; path = Info.plist; sourceTree = "<group>"; };
		EC9B53BC1AA7ED1500348B31 /* AppDelegate.swift */ = {isa = PBXFileReference; lastKnownFileType = sourcecode.swift; path = AppDelegate.swift; sourceTree = "<group>"; };
		EC9B53C11AA7ED1500348B31 /* Base */ = {isa = PBXFileReference; lastKnownFileType = file.storyboard; name = Base; path = Base.lproj/Main.storyboard; sourceTree = "<group>"; };
		EC9B53C31AA7ED1500348B31 /* Images.xcassets */ = {isa = PBXFileReference; lastKnownFileType = folder.assetcatalog; path = Images.xcassets; sourceTree = "<group>"; };
		EC9B53C61AA7ED1500348B31 /* Base */ = {isa = PBXFileReference; lastKnownFileType = file.xib; name = Base; path = Base.lproj/LaunchScreen.xib; sourceTree = "<group>"; };
		EC9B53CC1AA7ED1500348B31 /* layout_1Tests.xctest */ = {isa = PBXFileReference; explicitFileType = wrapper.cfbundle; includeInIndex = 0; path = layout_1Tests.xctest; sourceTree = BUILT_PRODUCTS_DIR; };
		EC9B53D11AA7ED1500348B31 /* Info.plist */ = {isa = PBXFileReference; lastKnownFileType = text.plist.xml; path = Info.plist; sourceTree = "<group>"; };
		EC9B53D21AA7ED1500348B31 /* layout_1Tests.swift */ = {isa = PBXFileReference; lastKnownFileType = sourcecode.swift; path = layout_1Tests.swift; sourceTree = "<group>"; };
		EC9C209A1AC4FF2F00811DB7 /* ViewController.swift */ = {isa = PBXFileReference; fileEncoding = 4; lastKnownFileType = sourcecode.swift; path = ViewController.swift; sourceTree = "<group>"; };
		ECA1F1FF1AD1EE710072DE05 /* loader.gif */ = {isa = PBXFileReference; lastKnownFileType = image.gif; path = loader.gif; sourceTree = "<group>"; };
		ECA1F2011AD1F3070072DE05 /* loader2.gif */ = {isa = PBXFileReference; lastKnownFileType = image.gif; path = loader2.gif; sourceTree = "<group>"; };
		ECA628C71ABCBE0900B538DA /* custom_cell_no_images.swift */ = {isa = PBXFileReference; fileEncoding = 4; lastKnownFileType = sourcecode.swift; path = custom_cell_no_images.swift; sourceTree = "<group>"; };
		ECA90EB71AB5445200195A75 /* profile_cell.swift */ = {isa = PBXFileReference; fileEncoding = 4; lastKnownFileType = sourcecode.swift; path = profile_cell.swift; sourceTree = "<group>"; };
		ECA90EB91AB54F7800195A75 /* UserPostsViewController.swift */ = {isa = PBXFileReference; fileEncoding = 4; lastKnownFileType = sourcecode.swift; path = UserPostsViewController.swift; sourceTree = "<group>"; };
		ECA90EBB1AB551B800195A75 /* UserFriendsViewController.swift */ = {isa = PBXFileReference; fileEncoding = 4; lastKnownFileType = sourcecode.swift; path = UserFriendsViewController.swift; sourceTree = "<group>"; };
		ECA90EBD1AB55FFA00195A75 /* user_cell.swift */ = {isa = PBXFileReference; fileEncoding = 4; lastKnownFileType = sourcecode.swift; path = user_cell.swift; sourceTree = "<group>"; };
		ECA90EBF1AB5653E00195A75 /* KarmaViewController.swift */ = {isa = PBXFileReference; fileEncoding = 4; lastKnownFileType = sourcecode.swift; path = KarmaViewController.swift; sourceTree = "<group>"; };
		ECAE3B121AB188F500B5AD65 /* MyProfileViewController.swift */ = {isa = PBXFileReference; fileEncoding = 4; lastKnownFileType = sourcecode.swift; path = MyProfileViewController.swift; sourceTree = "<group>"; };
		ECAE3B161AB2433A00B5AD65 /* Gif.swift */ = {isa = PBXFileReference; fileEncoding = 4; lastKnownFileType = sourcecode.swift; path = Gif.swift; sourceTree = "<group>"; };
		ECAE3B181AB3A6E800B5AD65 /* FirstSceneViewController.swift */ = {isa = PBXFileReference; fileEncoding = 4; lastKnownFileType = sourcecode.swift; path = FirstSceneViewController.swift; sourceTree = "<group>"; };
		ECB095821ACC7C9200802E9F /* CustomTabBarViewController.swift */ = {isa = PBXFileReference; fileEncoding = 4; lastKnownFileType = sourcecode.swift; path = CustomTabBarViewController.swift; sourceTree = "<group>"; };
		ECB095881ACCA6EA00802E9F /* backIcon.png */ = {isa = PBXFileReference; lastKnownFileType = image.png; path = backIcon.png; sourceTree = "<group>"; };
		ECB0958A1ACCEB3400802E9F /* CommentLikersViewController.swift */ = {isa = PBXFileReference; fileEncoding = 4; lastKnownFileType = sourcecode.swift; path = CommentLikersViewController.swift; sourceTree = "<group>"; };
		ECB0958C1ACD0BA300802E9F /* CommentReplyViewController.swift */ = {isa = PBXFileReference; fileEncoding = 4; lastKnownFileType = sourcecode.swift; path = CommentReplyViewController.swift; sourceTree = "<group>"; };
		ECBAAFD91B1BB4FD00A3F661 /* FBSDKShareKit.framework */ = {isa = PBXFileReference; lastKnownFileType = wrapper.framework; name = FBSDKShareKit.framework; path = ../../../Documents/FacebookSDK/FBSDKShareKit.framework; sourceTree = "<group>"; };
		ECBAAFDB1B1BB93B00A3F661 /* FBSDKCoreKit.framework */ = {isa = PBXFileReference; lastKnownFileType = wrapper.framework; name = FBSDKCoreKit.framework; path = ../../../Documents/FacebookSDK/FBSDKCoreKit.framework; sourceTree = "<group>"; };
		ECC0B98E1AD3BE6C00B21BD0 /* NotificationsViewController.swift */ = {isa = PBXFileReference; fileEncoding = 4; lastKnownFileType = sourcecode.swift; path = NotificationsViewController.swift; sourceTree = "<group>"; };
		ECCBD1261ACE4E2F005C0495 /* loginScreen.png */ = {isa = PBXFileReference; lastKnownFileType = image.png; path = loginScreen.png; sourceTree = "<group>"; };
		ECCF39311AD32D0300F8D6EB /* Raleway-Bold.ttf */ = {isa = PBXFileReference; lastKnownFileType = file; name = "Raleway-Bold.ttf"; path = "layout_1/Raleway/Raleway-Bold.ttf"; sourceTree = "<group>"; };
		ECCF39321AD32D0300F8D6EB /* Raleway-ExtraBold.ttf */ = {isa = PBXFileReference; lastKnownFileType = file; name = "Raleway-ExtraBold.ttf"; path = "layout_1/Raleway/Raleway-ExtraBold.ttf"; sourceTree = "<group>"; };
		ECCF39331AD32D0300F8D6EB /* Raleway-ExtraLight.ttf */ = {isa = PBXFileReference; lastKnownFileType = file; name = "Raleway-ExtraLight.ttf"; path = "layout_1/Raleway/Raleway-ExtraLight.ttf"; sourceTree = "<group>"; };
		ECCF39341AD32D0300F8D6EB /* Raleway-Heavy.ttf */ = {isa = PBXFileReference; lastKnownFileType = file; name = "Raleway-Heavy.ttf"; path = "layout_1/Raleway/Raleway-Heavy.ttf"; sourceTree = "<group>"; };
		ECCF39351AD32D0300F8D6EB /* Raleway-Light.ttf */ = {isa = PBXFileReference; lastKnownFileType = file; name = "Raleway-Light.ttf"; path = "layout_1/Raleway/Raleway-Light.ttf"; sourceTree = "<group>"; };
		ECCF39361AD32D0300F8D6EB /* Raleway-Medium.ttf */ = {isa = PBXFileReference; lastKnownFileType = file; name = "Raleway-Medium.ttf"; path = "layout_1/Raleway/Raleway-Medium.ttf"; sourceTree = "<group>"; };
		ECCF39371AD32D0300F8D6EB /* Raleway-Regular.ttf */ = {isa = PBXFileReference; lastKnownFileType = file; name = "Raleway-Regular.ttf"; path = "layout_1/Raleway/Raleway-Regular.ttf"; sourceTree = "<group>"; };
		ECCF39381AD32D0300F8D6EB /* Raleway-SemiBold.ttf */ = {isa = PBXFileReference; lastKnownFileType = file; name = "Raleway-SemiBold.ttf"; path = "layout_1/Raleway/Raleway-SemiBold.ttf"; sourceTree = "<group>"; };
		ECCF39391AD32D0300F8D6EB /* Raleway-Thin.ttf */ = {isa = PBXFileReference; lastKnownFileType = file; name = "Raleway-Thin.ttf"; path = "layout_1/Raleway/Raleway-Thin.ttf"; sourceTree = "<group>"; };
		ECDF21CE1B269084009BBC07 /* Security.framework */ = {isa = PBXFileReference; lastKnownFileType = wrapper.framework; name = Security.framework; path = System/Library/Frameworks/Security.framework; sourceTree = SDKROOT; };
		ECDF21D41B2693F2009BBC07 /* Alau.me.framework */ = {isa = PBXFileReference; lastKnownFileType = wrapper.framework; path = Alau.me.framework; sourceTree = "<group>"; };
		ECF3C0151B2D5F7C00C70CE5 /* shareButton.png */ = {isa = PBXFileReference; lastKnownFileType = image.png; path = shareButton.png; sourceTree = "<group>"; };
		ECF3C0171B2D616700C70CE5 /* heart_full.png */ = {isa = PBXFileReference; lastKnownFileType = image.png; path = heart_full.png; sourceTree = "<group>"; };
		ECF3C0181B2D616700C70CE5 /* heart_empty.png */ = {isa = PBXFileReference; lastKnownFileType = image.png; path = heart_empty.png; sourceTree = "<group>"; };
		ECF5BDAC1AD581320098DD95 /* comment_tab_button.png */ = {isa = PBXFileReference; lastKnownFileType = image.png; path = comment_tab_button.png; sourceTree = "<group>"; };
		ECF5BDAE1AD582F10098DD95 /* Like_tab_button.png */ = {isa = PBXFileReference; lastKnownFileType = image.png; path = Like_tab_button.png; sourceTree = "<group>"; };
		ECF5BDB01AD587D00098DD95 /* notification_cell.swift */ = {isa = PBXFileReference; fileEncoding = 4; lastKnownFileType = sourcecode.swift; path = notification_cell.swift; sourceTree = "<group>"; };
		ECF5BDB21AD5F9190098DD95 /* alert_icon.png */ = {isa = PBXFileReference; lastKnownFileType = image.png; path = alert_icon.png; sourceTree = "<group>"; };
		ECFDDD171AB7B9B3000F5880 /* blank.png */ = {isa = PBXFileReference; lastKnownFileType = image.png; path = blank.png; sourceTree = "<group>"; };
		ECFDDD1B1AB94FF8000F5880 /* clicktoupload.png */ = {isa = PBXFileReference; lastKnownFileType = image.png; path = clicktoupload.png; sourceTree = "<group>"; };
/* End PBXFileReference section */

/* Begin PBXFrameworksBuildPhase section */
		EC9B53B41AA7ED1500348B31 /* Frameworks */ = {
			isa = PBXFrameworksBuildPhase;
			buildActionMask = 2147483647;
			files = (
				EC8016F91B2F7661008CC953 /* Social.framework in Frameworks */,
				ECDF21CF1B269084009BBC07 /* Security.framework in Frameworks */,
				ECBAAFDA1B1BB4FD00A3F661 /* FBSDKShareKit.framework in Frameworks */,
				EC0798CF1B14122800507D7F /* MapKit.framework in Frameworks */,
				EC47B8851AC4811C00ADBCC6 /* libsqlite3.dylib in Frameworks */,
				EC47B8831AC4810E00ADBCC6 /* libz.dylib in Frameworks */,
				EC47B8811AC480FA00ADBCC6 /* SystemConfiguration.framework in Frameworks */,
				EC47B87F1AC480F300ADBCC6 /* CoreData.framework in Frameworks */,
				EC47B87D1AC480EA00ADBCC6 /* libGoogleAnalyticsServices.a in Frameworks */,
				ECBAAFDC1B1BB93B00A3F661 /* FBSDKCoreKit.framework in Frameworks */,
				EC4EDD591AB012E6006270F3 /* FacebookSDK.framework in Frameworks */,
				ECDF21D51B2693F2009BBC07 /* Alau.me.framework in Frameworks */,
			);
			runOnlyForDeploymentPostprocessing = 0;
		};
		EC9B53C91AA7ED1500348B31 /* Frameworks */ = {
			isa = PBXFrameworksBuildPhase;
			buildActionMask = 2147483647;
			files = (
			);
			runOnlyForDeploymentPostprocessing = 0;
		};
/* End PBXFrameworksBuildPhase section */

/* Begin PBXGroup section */
		EC47B8711AC47E8D00ADBCC6 /* Google header files */ = {
			isa = PBXGroup;
			children = (
				EC47B8721AC47E9B00ADBCC6 /* GAI.h */,
				EC47B8731AC47E9B00ADBCC6 /* GAIDictionaryBuilder.h */,
				EC47B8741AC47E9B00ADBCC6 /* GAIEcommerceFields.h */,
				EC47B8751AC47E9B00ADBCC6 /* GAIEcommerceProduct.h */,
				EC47B8761AC47E9B00ADBCC6 /* GAIEcommerceProductAction.h */,
				EC47B8771AC47E9B00ADBCC6 /* GAIEcommercePromotion.h */,
				EC47B8781AC47E9B00ADBCC6 /* GAIFields.h */,
				EC47B8791AC47E9B00ADBCC6 /* GAILogger.h */,
				EC47B87A1AC47E9B00ADBCC6 /* GAITrackedViewController.h */,
				EC47B87B1AC47E9B00ADBCC6 /* GAITracker.h */,
			);
			name = "Google header files";
			sourceTree = "<group>";
		};
		EC4EDD571AB012DB006270F3 /* frameworks */ = {
			isa = PBXGroup;
			children = (
				ECBAAFDB1B1BB93B00A3F661 /* FBSDKCoreKit.framework */,
				ECDF21D41B2693F2009BBC07 /* Alau.me.framework */,
				ECBAAFD91B1BB4FD00A3F661 /* FBSDKShareKit.framework */,
				EC47B8711AC47E8D00ADBCC6 /* Google header files */,
				EC4EDD581AB012E6006270F3 /* FacebookSDK.framework */,
			);
			name = frameworks;
			sourceTree = "<group>";
		};
		EC81397B1AC9DA5A00985BC5 /* icons */ = {
			isa = PBXGroup;
			children = (
				EC8016F61B2E9AE8008CC953 /* noun_53504_cc.png */,
				ECF3C0171B2D616700C70CE5 /* heart_full.png */,
				ECF3C0181B2D616700C70CE5 /* heart_empty.png */,
				ECCBD1261ACE4E2F005C0495 /* loginScreen.png */,
				EC81397C1AC9DA9700985BC5 /* Camera Roll.png */,
				EC8B8AE81ACF5527002AD793 /* logo.png */,
				ECF5BDB21AD5F9190098DD95 /* alert_icon.png */,
				ECB095881ACCA6EA00802E9F /* backIcon.png */,
				EC81397D1AC9DA9700985BC5 /* Comment.png */,
				EC81397E1AC9DA9700985BC5 /* Create.png */,
				EC81397F1AC9DA9700985BC5 /* Feed_Active.png */,
				EC8139801AC9DA9700985BC5 /* Feed.png */,
				EC96CF7F1ADEE5A2002A3133 /* Feed2.png */,
				EC8139811AC9DA9700985BC5 /* Follow.png */,
				EC96CF811AE1F083002A3133 /* following.png */,
				ECF5BDAC1AD581320098DD95 /* comment_tab_button.png */,
				EC8139821AC9DA9700985BC5 /* Like_Selected.png */,
				EC96CF7D1ADEE59A002A3133 /* Me2.png */,
				EC8139831AC9DA9700985BC5 /* Like.png */,
				EC8139841AC9DA9700985BC5 /* Location.png */,
				EC8139851AC9DA9700985BC5 /* Me_Active.png */,
				EC8139861AC9DA9700985BC5 /* Me.png */,
				EC8139871AC9DA9700985BC5 /* Photo.png */,
				ECF3C0151B2D5F7C00C70CE5 /* shareButton.png */,
				EC8139881AC9DA9700985BC5 /* Share.png */,
				EC8139891AC9DA9700985BC5 /* Time.png */,
				EC81398A1AC9DA9700985BC5 /* Unfollow.png */,
				ECF5BDAE1AD582F10098DD95 /* Like_tab_button.png */,
			);
			name = icons;
			sourceTree = "<group>";
		};
		EC81399A1ACC5D5400985BC5 /* fonts */ = {
			isa = PBXGroup;
			children = (
			);
			name = fonts;
			sourceTree = "<group>";
		};
		EC9B53AE1AA7ED1500348B31 = {
			isa = PBXGroup;
			children = (
				EC8016F81B2F7660008CC953 /* Social.framework */,
				ECDF21CE1B269084009BBC07 /* Security.framework */,
				EC0798CE1B14122800507D7F /* MapKit.framework */,
				ECCF39311AD32D0300F8D6EB /* Raleway-Bold.ttf */,
				ECCF39321AD32D0300F8D6EB /* Raleway-ExtraBold.ttf */,
				ECCF39331AD32D0300F8D6EB /* Raleway-ExtraLight.ttf */,
				ECCF39341AD32D0300F8D6EB /* Raleway-Heavy.ttf */,
				ECCF39351AD32D0300F8D6EB /* Raleway-Light.ttf */,
				ECCF39361AD32D0300F8D6EB /* Raleway-Medium.ttf */,
				ECCF39371AD32D0300F8D6EB /* Raleway-Regular.ttf */,
				ECCF39381AD32D0300F8D6EB /* Raleway-SemiBold.ttf */,
				ECCF39391AD32D0300F8D6EB /* Raleway-Thin.ttf */,
				EC47B8841AC4811C00ADBCC6 /* libsqlite3.dylib */,
				EC47B8821AC4810E00ADBCC6 /* libz.dylib */,
				EC47B8801AC480FA00ADBCC6 /* SystemConfiguration.framework */,
				EC47B87E1AC480F300ADBCC6 /* CoreData.framework */,
				EC47B87C1AC480EA00ADBCC6 /* libGoogleAnalyticsServices.a */,
				EC4EDD571AB012DB006270F3 /* frameworks */,
				EC9B53B91AA7ED1500348B31 /* layout_1 */,
				EC9B53CF1AA7ED1500348B31 /* layout_1Tests */,
				EC9B53B81AA7ED1500348B31 /* Products */,
			);
			sourceTree = "<group>";
		};
		EC9B53B81AA7ED1500348B31 /* Products */ = {
			isa = PBXGroup;
			children = (
				EC9B53B71AA7ED1500348B31 /* layout_1.app */,
				EC9B53CC1AA7ED1500348B31 /* layout_1Tests.xctest */,
			);
			name = Products;
			sourceTree = "<group>";
		};
		EC9B53B91AA7ED1500348B31 /* layout_1 */ = {
			isa = PBXGroup;
			children = (
				EC81399A1ACC5D5400985BC5 /* fonts */,
				EC8B8AEA1ACF5624002AD793 /* appIcons */,
				EC81397B1AC9DA5A00985BC5 /* icons */,
				ECFDDD1B1AB94FF8000F5880 /* clicktoupload.png */,
				ECFDDD171AB7B9B3000F5880 /* blank.png */,
				EC4EDD4E1AAFF32D006270F3 /* layout_1.xcdatamodeld */,
				ECA1F1FF1AD1EE710072DE05 /* loader.gif */,
				ECA1F2011AD1F3070072DE05 /* loader2.gif */,
				EC4EDD171AAFA53B006270F3 /* honey_full.jpg */,
				EC4EDD191AAFA56E006270F3 /* honey_empty.jpg */,
				EC47B8691ABFDA0A00ADBCC6 /* back1.png */,
				EC47B86A1ABFDA0A00ADBCC6 /* back2.png */,
				EC9B53BC1AA7ED1500348B31 /* AppDelegate.swift */,
				EC21857C1AAA7E2E00703CF9 /* custom_cell.swift */,
				EC99A7821B11022F002CED89 /* custom_cell_location.swift */,
				ECA628C71ABCBE0900B538DA /* custom_cell_no_images.swift */,
				ECA90EB71AB5445200195A75 /* profile_cell.swift */,
				ECA90EBD1AB55FFA00195A75 /* user_cell.swift */,
				EC47B86D1AC135FF00ADBCC6 /* reply_cell.swift */,
				ECF5BDB01AD587D00098DD95 /* notification_cell.swift */,
				EC21856F1AAA6D4F00703CF9 /* PMBPostTableViewCell.h */,
				EC9986961AABE31F00E0583D /* ThirdViewController.swift */,
				EC0798CC1B14107700507D7F /* LocationPeakViewController.swift */,
				EC9B53C01AA7ED1500348B31 /* Main.storyboard */,
				EC9B53C31AA7ED1500348B31 /* Images.xcassets */,
				EC9B53C51AA7ED1500348B31 /* LaunchScreen.xib */,
				EC9B53BA1AA7ED1500348B31 /* Supporting Files */,
				EC99869C1AABECD300E0583D /* ProfileViewController.swift */,
				EC4EDD151AAF76D2006270F3 /* WriteCommentViewController.swift */,
				EC4EDD1B1AAFF217006270F3 /* data.swift */,
				EC4EDD531AB00CEE006270F3 /* FBLoginViewController.swift */,
				EC4EDD561AB010BD006270F3 /* Bridging-Header.h */,
				ECAE3B161AB2433A00B5AD65 /* Gif.swift */,
				ECAE3B181AB3A6E800B5AD65 /* FirstSceneViewController.swift */,
				ECAE3B121AB188F500B5AD65 /* MyProfileViewController.swift */,
				EC8016F41B2E6C26008CC953 /* ImageFocusController.swift */,
				ECA90EBF1AB5653E00195A75 /* KarmaViewController.swift */,
				ECA90EB91AB54F7800195A75 /* UserPostsViewController.swift */,
				ECA90EBB1AB551B800195A75 /* UserFriendsViewController.swift */,
				EC9C209A1AC4FF2F00811DB7 /* ViewController.swift */,
				ECB095821ACC7C9200802E9F /* CustomTabBarViewController.swift */,
				ECB0958A1ACCEB3400802E9F /* CommentLikersViewController.swift */,
				ECB0958C1ACD0BA300802E9F /* CommentReplyViewController.swift */,
				ECC0B98E1AD3BE6C00B21BD0 /* NotificationsViewController.swift */,
				EC96CF7B1ADE3115002A3133 /* FollowingViewController.swift */,
			);
			path = layout_1;
			sourceTree = "<group>";
		};
		EC9B53BA1AA7ED1500348B31 /* Supporting Files */ = {
			isa = PBXGroup;
			children = (
				EC9B53BB1AA7ED1500348B31 /* Info.plist */,
			);
			name = "Supporting Files";
			sourceTree = "<group>";
		};
		EC9B53CF1AA7ED1500348B31 /* layout_1Tests */ = {
			isa = PBXGroup;
			children = (
				EC9B53D21AA7ED1500348B31 /* layout_1Tests.swift */,
				EC9B53D01AA7ED1500348B31 /* Supporting Files */,
			);
			path = layout_1Tests;
			sourceTree = "<group>";
		};
		EC9B53D01AA7ED1500348B31 /* Supporting Files */ = {
			isa = PBXGroup;
			children = (
				EC9B53D11AA7ED1500348B31 /* Info.plist */,
			);
			name = "Supporting Files";
			sourceTree = "<group>";
		};
/* End PBXGroup section */

/* Begin PBXNativeTarget section */
		EC9B53B61AA7ED1500348B31 /* layout_1 */ = {
			isa = PBXNativeTarget;
			buildConfigurationList = EC9B53D61AA7ED1500348B31 /* Build configuration list for PBXNativeTarget "layout_1" */;
			buildPhases = (
				EC9B53B31AA7ED1500348B31 /* Sources */,
				EC9B53B41AA7ED1500348B31 /* Frameworks */,
				EC9B53B51AA7ED1500348B31 /* Resources */,
			);
			buildRules = (
			);
			dependencies = (
			);
			name = layout_1;
			productName = layout_1;
			productReference = EC9B53B71AA7ED1500348B31 /* layout_1.app */;
			productType = "com.apple.product-type.application";
		};
		EC9B53CB1AA7ED1500348B31 /* layout_1Tests */ = {
			isa = PBXNativeTarget;
			buildConfigurationList = EC9B53D91AA7ED1500348B31 /* Build configuration list for PBXNativeTarget "layout_1Tests" */;
			buildPhases = (
				EC9B53C81AA7ED1500348B31 /* Sources */,
				EC9B53C91AA7ED1500348B31 /* Frameworks */,
				EC9B53CA1AA7ED1500348B31 /* Resources */,
			);
			buildRules = (
			);
			dependencies = (
				EC9B53CE1AA7ED1500348B31 /* PBXTargetDependency */,
			);
			name = layout_1Tests;
			productName = layout_1Tests;
			productReference = EC9B53CC1AA7ED1500348B31 /* layout_1Tests.xctest */;
			productType = "com.apple.product-type.bundle.unit-test";
		};
/* End PBXNativeTarget section */

/* Begin PBXProject section */
		EC9B53AF1AA7ED1500348B31 /* Project object */ = {
			isa = PBXProject;
			attributes = {
				LastUpgradeCheck = 0610;
				ORGANIZATIONNAME = "Rijul Gupta";
				TargetAttributes = {
					EC9B53B61AA7ED1500348B31 = {
						CreatedOnToolsVersion = 6.1.1;
						DevelopmentTeam = 6835C33SXY;
					};
					EC9B53CB1AA7ED1500348B31 = {
						CreatedOnToolsVersion = 6.1.1;
						TestTargetID = EC9B53B61AA7ED1500348B31;
					};
				};
			};
			buildConfigurationList = EC9B53B21AA7ED1500348B31 /* Build configuration list for PBXProject "layout_1" */;
			compatibilityVersion = "Xcode 3.2";
			developmentRegion = English;
			hasScannedForEncodings = 0;
			knownRegions = (
				en,
				Base,
			);
			mainGroup = EC9B53AE1AA7ED1500348B31;
			productRefGroup = EC9B53B81AA7ED1500348B31 /* Products */;
			projectDirPath = "";
			projectRoot = "";
			targets = (
				EC9B53B61AA7ED1500348B31 /* layout_1 */,
				EC9B53CB1AA7ED1500348B31 /* layout_1Tests */,
			);
		};
/* End PBXProject section */

/* Begin PBXResourcesBuildPhase section */
		EC9B53B51AA7ED1500348B31 /* Resources */ = {
			isa = PBXResourcesBuildPhase;
			buildActionMask = 2147483647;
			files = (
				EC96CF7E1ADEE59A002A3133 /* Me2.png in Resources */,
				ECCF393A1AD32D0300F8D6EB /* Raleway-Bold.ttf in Resources */,
				ECCF393B1AD32D0300F8D6EB /* Raleway-ExtraBold.ttf in Resources */,
				ECCF393C1AD32D0300F8D6EB /* Raleway-ExtraLight.ttf in Resources */,
				ECCF393D1AD32D0300F8D6EB /* Raleway-Heavy.ttf in Resources */,
				ECF3C0191B2D616700C70CE5 /* heart_full.png in Resources */,
				ECCF393E1AD32D0300F8D6EB /* Raleway-Light.ttf in Resources */,
				ECCF393F1AD32D0300F8D6EB /* Raleway-Medium.ttf in Resources */,
				ECF5BDAF1AD582F10098DD95 /* Like_tab_button.png in Resources */,
				ECCF39401AD32D0300F8D6EB /* Raleway-Regular.ttf in Resources */,
				EC8016F71B2E9AE9008CC953 /* noun_53504_cc.png in Resources */,
				ECCF39411AD32D0300F8D6EB /* Raleway-SemiBold.ttf in Resources */,
				ECCF39421AD32D0300F8D6EB /* Raleway-Thin.ttf in Resources */,
				EC8139921AC9DA9700985BC5 /* Like.png in Resources */,
				ECF5BDB31AD5F9190098DD95 /* alert_icon.png in Resources */,
				EC8139901AC9DA9700985BC5 /* Follow.png in Resources */,
				ECA1F2001AD1EE710072DE05 /* loader.gif in Resources */,
				EC47B86B1ABFDA0A00ADBCC6 /* back1.png in Resources */,
				EC81398E1AC9DA9700985BC5 /* Feed_Active.png in Resources */,
				EC8B8AEB1ACF5624002AD793 /* appIcons in Resources */,
				EC81398B1AC9DA9700985BC5 /* Camera Roll.png in Resources */,
				ECF3C01A1B2D616700C70CE5 /* heart_empty.png in Resources */,
				EC9B53C21AA7ED1500348B31 /* Main.storyboard in Resources */,
				EC4EDD1A1AAFA56E006270F3 /* honey_empty.jpg in Resources */,
				EC8139931AC9DA9700985BC5 /* Location.png in Resources */,
				EC8139911AC9DA9700985BC5 /* Like_Selected.png in Resources */,
				ECFDDD1C1AB94FF8000F5880 /* clicktoupload.png in Resources */,
				ECF5BDAD1AD581320098DD95 /* comment_tab_button.png in Resources */,
				ECCBD1271ACE4E2F005C0495 /* loginScreen.png in Resources */,
				EC8139951AC9DA9700985BC5 /* Me.png in Resources */,
				EC9B53C71AA7ED1500348B31 /* LaunchScreen.xib in Resources */,
				ECA1F2021AD1F3070072DE05 /* loader2.gif in Resources */,
				EC8139961AC9DA9700985BC5 /* Photo.png in Resources */,
				EC96CF801ADEE5A2002A3133 /* Feed2.png in Resources */,
				EC81398D1AC9DA9700985BC5 /* Create.png in Resources */,
				EC8B8AE91ACF5527002AD793 /* logo.png in Resources */,
				EC8139941AC9DA9700985BC5 /* Me_Active.png in Resources */,
				EC4EDD181AAFA53B006270F3 /* honey_full.jpg in Resources */,
				ECFDDD181AB7B9B3000F5880 /* blank.png in Resources */,
				EC8139981AC9DA9700985BC5 /* Time.png in Resources */,
				EC81398C1AC9DA9700985BC5 /* Comment.png in Resources */,
				EC8139991AC9DA9700985BC5 /* Unfollow.png in Resources */,
				ECF3C0161B2D5F7C00C70CE5 /* shareButton.png in Resources */,
				EC96CF821AE1F083002A3133 /* following.png in Resources */,
				EC81398F1AC9DA9700985BC5 /* Feed.png in Resources */,
				EC8139971AC9DA9700985BC5 /* Share.png in Resources */,
				EC9B53C41AA7ED1500348B31 /* Images.xcassets in Resources */,
				ECB095891ACCA6EA00802E9F /* backIcon.png in Resources */,
				EC47B86C1ABFDA0A00ADBCC6 /* back2.png in Resources */,
			);
			runOnlyForDeploymentPostprocessing = 0;
		};
		EC9B53CA1AA7ED1500348B31 /* Resources */ = {
			isa = PBXResourcesBuildPhase;
			buildActionMask = 2147483647;
			files = (
			);
			runOnlyForDeploymentPostprocessing = 0;
		};
/* End PBXResourcesBuildPhase section */

/* Begin PBXSourcesBuildPhase section */
		EC9B53B31AA7ED1500348B31 /* Sources */ = {
			isa = PBXSourcesBuildPhase;
			buildActionMask = 2147483647;
			files = (
				ECAE3B131AB188F500B5AD65 /* MyProfileViewController.swift in Sources */,
				EC9C209B1AC4FF2F00811DB7 /* ViewController.swift in Sources */,
				EC4EDD501AAFF32D006270F3 /* layout_1.xcdatamodeld in Sources */,
				EC0798CD1B14107700507D7F /* LocationPeakViewController.swift in Sources */,
				EC9986971AABE31F00E0583D /* ThirdViewController.swift in Sources */,
				ECA90EB81AB5445200195A75 /* profile_cell.swift in Sources */,
				ECAE3B171AB2433A00B5AD65 /* Gif.swift in Sources */,
				EC96CF7C1ADE3115002A3133 /* FollowingViewController.swift in Sources */,
				EC8016F51B2E6C26008CC953 /* ImageFocusController.swift in Sources */,
				ECA628C81ABCBE0900B538DA /* custom_cell_no_images.swift in Sources */,
				EC99869D1AABECD300E0583D /* ProfileViewController.swift in Sources */,
				ECAE3B191AB3A6E800B5AD65 /* FirstSceneViewController.swift in Sources */,
				ECA90EC01AB5653E00195A75 /* KarmaViewController.swift in Sources */,
				ECA90EBE1AB55FFA00195A75 /* user_cell.swift in Sources */,
				ECB095831ACC7C9200802E9F /* CustomTabBarViewController.swift in Sources */,
				ECB0958D1ACD0BA300802E9F /* CommentReplyViewController.swift in Sources */,
				EC21857D1AAA7E2E00703CF9 /* custom_cell.swift in Sources */,
				ECA90EBA1AB54F7800195A75 /* UserPostsViewController.swift in Sources */,
				ECB0958B1ACCEB3400802E9F /* CommentLikersViewController.swift in Sources */,
				ECF5BDB11AD587D00098DD95 /* notification_cell.swift in Sources */,
				EC4EDD541AB00CEE006270F3 /* FBLoginViewController.swift in Sources */,
				ECC0B98F1AD3BE6C00B21BD0 /* NotificationsViewController.swift in Sources */,
				EC4EDD161AAF76D2006270F3 /* WriteCommentViewController.swift in Sources */,
				EC4EDD1C1AAFF217006270F3 /* data.swift in Sources */,
				EC9B53BD1AA7ED1500348B31 /* AppDelegate.swift in Sources */,
				EC99A7831B11022F002CED89 /* custom_cell_location.swift in Sources */,
				ECA90EBC1AB551B800195A75 /* UserFriendsViewController.swift in Sources */,
				EC47B86E1AC1360000ADBCC6 /* reply_cell.swift in Sources */,
			);
			runOnlyForDeploymentPostprocessing = 0;
		};
		EC9B53C81AA7ED1500348B31 /* Sources */ = {
			isa = PBXSourcesBuildPhase;
			buildActionMask = 2147483647;
			files = (
				EC9B53D31AA7ED1500348B31 /* layout_1Tests.swift in Sources */,
			);
			runOnlyForDeploymentPostprocessing = 0;
		};
/* End PBXSourcesBuildPhase section */

/* Begin PBXTargetDependency section */
		EC9B53CE1AA7ED1500348B31 /* PBXTargetDependency */ = {
			isa = PBXTargetDependency;
			target = EC9B53B61AA7ED1500348B31 /* layout_1 */;
			targetProxy = EC9B53CD1AA7ED1500348B31 /* PBXContainerItemProxy */;
		};
/* End PBXTargetDependency section */

/* Begin PBXVariantGroup section */
		EC9B53C01AA7ED1500348B31 /* Main.storyboard */ = {
			isa = PBXVariantGroup;
			children = (
				EC9B53C11AA7ED1500348B31 /* Base */,
			);
			name = Main.storyboard;
			sourceTree = "<group>";
		};
		EC9B53C51AA7ED1500348B31 /* LaunchScreen.xib */ = {
			isa = PBXVariantGroup;
			children = (
				EC9B53C61AA7ED1500348B31 /* Base */,
			);
			name = LaunchScreen.xib;
			sourceTree = "<group>";
		};
/* End PBXVariantGroup section */

/* Begin XCBuildConfiguration section */
		EC9B53D41AA7ED1500348B31 /* Debug */ = {
			isa = XCBuildConfiguration;
			buildSettings = {
				ALWAYS_SEARCH_USER_PATHS = NO;
				CLANG_ALLOW_NON_MODULAR_INCLUDES_IN_FRAMEWORK_MODULES = NO;
				CLANG_CXX_LANGUAGE_STANDARD = "gnu++0x";
				CLANG_CXX_LIBRARY = "libc++";
				CLANG_ENABLE_MODULES = YES;
				CLANG_ENABLE_OBJC_ARC = YES;
				CLANG_WARN_BOOL_CONVERSION = YES;
				CLANG_WARN_CONSTANT_CONVERSION = YES;
				CLANG_WARN_DIRECT_OBJC_ISA_USAGE = YES_ERROR;
				CLANG_WARN_EMPTY_BODY = YES;
				CLANG_WARN_ENUM_CONVERSION = YES;
				CLANG_WARN_INT_CONVERSION = YES;
				CLANG_WARN_OBJC_ROOT_CLASS = YES_ERROR;
				CLANG_WARN_UNREACHABLE_CODE = YES;
				CLANG_WARN__DUPLICATE_METHOD_MATCH = YES;
				CODE_SIGN_IDENTITY = "";
				"CODE_SIGN_IDENTITY[sdk=iphoneos*]" = "";
				COPY_PHASE_STRIP = NO;
				ENABLE_STRICT_OBJC_MSGSEND = YES;
				GCC_C_LANGUAGE_STANDARD = gnu99;
				GCC_DYNAMIC_NO_PIC = NO;
				GCC_OPTIMIZATION_LEVEL = 0;
				GCC_PREPROCESSOR_DEFINITIONS = (
					"DEBUG=1",
					"$(inherited)",
				);
				GCC_SYMBOLS_PRIVATE_EXTERN = NO;
				GCC_WARN_64_TO_32_BIT_CONVERSION = YES;
				GCC_WARN_ABOUT_RETURN_TYPE = YES_ERROR;
				GCC_WARN_UNDECLARED_SELECTOR = YES;
				GCC_WARN_UNINITIALIZED_AUTOS = YES_AGGRESSIVE;
				GCC_WARN_UNUSED_FUNCTION = YES;
				GCC_WARN_UNUSED_VARIABLE = YES;
				IPHONEOS_DEPLOYMENT_TARGET = 8.1;
				MTL_ENABLE_DEBUG_INFO = YES;
				ONLY_ACTIVE_ARCH = YES;
				PROVISIONING_PROFILE = "047f2983-ce6a-4d4b-b496-66114878a954";
				SDKROOT = iphoneos;
				SWIFT_OPTIMIZATION_LEVEL = "-Onone";
				TARGETED_DEVICE_FAMILY = "1,2";
			};
			name = Debug;
		};
		EC9B53D51AA7ED1500348B31 /* Release */ = {
			isa = XCBuildConfiguration;
			buildSettings = {
				ALWAYS_SEARCH_USER_PATHS = NO;
				CLANG_ALLOW_NON_MODULAR_INCLUDES_IN_FRAMEWORK_MODULES = NO;
				CLANG_CXX_LANGUAGE_STANDARD = "gnu++0x";
				CLANG_CXX_LIBRARY = "libc++";
				CLANG_ENABLE_MODULES = YES;
				CLANG_ENABLE_OBJC_ARC = YES;
				CLANG_WARN_BOOL_CONVERSION = YES;
				CLANG_WARN_CONSTANT_CONVERSION = YES;
				CLANG_WARN_DIRECT_OBJC_ISA_USAGE = YES_ERROR;
				CLANG_WARN_EMPTY_BODY = YES;
				CLANG_WARN_ENUM_CONVERSION = YES;
				CLANG_WARN_INT_CONVERSION = YES;
				CLANG_WARN_OBJC_ROOT_CLASS = YES_ERROR;
				CLANG_WARN_UNREACHABLE_CODE = YES;
				CLANG_WARN__DUPLICATE_METHOD_MATCH = YES;
				CODE_SIGN_IDENTITY = "";
				"CODE_SIGN_IDENTITY[sdk=iphoneos*]" = "";
				COPY_PHASE_STRIP = YES;
				ENABLE_NS_ASSERTIONS = NO;
				ENABLE_STRICT_OBJC_MSGSEND = YES;
				GCC_C_LANGUAGE_STANDARD = gnu99;
				GCC_WARN_64_TO_32_BIT_CONVERSION = YES;
				GCC_WARN_ABOUT_RETURN_TYPE = YES_ERROR;
				GCC_WARN_UNDECLARED_SELECTOR = YES;
				GCC_WARN_UNINITIALIZED_AUTOS = YES_AGGRESSIVE;
				GCC_WARN_UNUSED_FUNCTION = YES;
				GCC_WARN_UNUSED_VARIABLE = YES;
				IPHONEOS_DEPLOYMENT_TARGET = 8.1;
				MTL_ENABLE_DEBUG_INFO = NO;
				PROVISIONING_PROFILE = "047f2983-ce6a-4d4b-b496-66114878a954";
				SDKROOT = iphoneos;
				TARGETED_DEVICE_FAMILY = "1,2";
				VALIDATE_PRODUCT = YES;
			};
			name = Release;
		};
		EC9B53D71AA7ED1500348B31 /* Debug */ = {
			isa = XCBuildConfiguration;
			buildSettings = {
				ASSETCATALOG_COMPILER_APPICON_NAME = AppIcon;
				CLANG_ALLOW_NON_MODULAR_INCLUDES_IN_FRAMEWORK_MODULES = NO;
				CLANG_STATIC_ANALYZER_MODE_ON_ANALYZE_ACTION = shallow;
				CODE_SIGN_IDENTITY = "iPhone Developer";
				"CODE_SIGN_IDENTITY[sdk=iphoneos*]" = "iPhone Developer";
				FRAMEWORK_SEARCH_PATHS = (
					"$(inherited)",
					/Users/rijulgupta/Documents/FacebookSDK,
					"$(PROJECT_DIR)",
				);
				INFOPLIST_FILE = layout_1/Info.plist;
				IPHONEOS_DEPLOYMENT_TARGET = 8.0;
				LD_RUNPATH_SEARCH_PATHS = "$(inherited) @executable_path/Frameworks";
				LIBRARY_SEARCH_PATHS = (
					"$(inherited)",
					/Users/rijulgupta/Downloads/GoogleAnalyticsServicesiOS_3.10,
				);
				OTHER_LDFLAGS = "";
				PRODUCT_NAME = "$(TARGET_NAME)";
				PROVISIONING_PROFILE = "";
				SWIFT_OBJC_BRIDGING_HEADER = "layout_1/Bridging-Header.h";
				TARGETED_DEVICE_FAMILY = "1,2";
			};
			name = Debug;
		};
		EC9B53D81AA7ED1500348B31 /* Release */ = {
			isa = XCBuildConfiguration;
			buildSettings = {
				ASSETCATALOG_COMPILER_APPICON_NAME = AppIcon;
				CLANG_ALLOW_NON_MODULAR_INCLUDES_IN_FRAMEWORK_MODULES = NO;
				CLANG_STATIC_ANALYZER_MODE_ON_ANALYZE_ACTION = shallow;
				CODE_SIGN_IDENTITY = "iPhone Developer";
				"CODE_SIGN_IDENTITY[sdk=iphoneos*]" = "iPhone Developer";
				FRAMEWORK_SEARCH_PATHS = (
					"$(inherited)",
					/Users/rijulgupta/Documents/FacebookSDK,
					"$(PROJECT_DIR)",
				);
				INFOPLIST_FILE = layout_1/Info.plist;
				IPHONEOS_DEPLOYMENT_TARGET = 8.0;
				LD_RUNPATH_SEARCH_PATHS = "$(inherited) @executable_path/Frameworks";
				LIBRARY_SEARCH_PATHS = (
					"$(inherited)",
					/Users/rijulgupta/Downloads/GoogleAnalyticsServicesiOS_3.10,
				);
				OTHER_LDFLAGS = "";
				PRODUCT_NAME = "$(TARGET_NAME)";
				PROVISIONING_PROFILE = "";
				SWIFT_OBJC_BRIDGING_HEADER = "layout_1/Bridging-Header.h";
				TARGETED_DEVICE_FAMILY = "1,2";
			};
			name = Release;
		};
		EC9B53DA1AA7ED1500348B31 /* Debug */ = {
			isa = XCBuildConfiguration;
			buildSettings = {
				BUNDLE_LOADER = "$(TEST_HOST)";
				FRAMEWORK_SEARCH_PATHS = (
					"$(SDKROOT)/Developer/Library/Frameworks",
					"$(inherited)",
				);
				GCC_PREPROCESSOR_DEFINITIONS = (
					"DEBUG=1",
					"$(inherited)",
				);
				INFOPLIST_FILE = layout_1Tests/Info.plist;
				LD_RUNPATH_SEARCH_PATHS = "$(inherited) @executable_path/Frameworks @loader_path/Frameworks";
				PRODUCT_NAME = "$(TARGET_NAME)";
				TEST_HOST = "$(BUILT_PRODUCTS_DIR)/layout_1.app/layout_1";
			};
			name = Debug;
		};
		EC9B53DB1AA7ED1500348B31 /* Release */ = {
			isa = XCBuildConfiguration;
			buildSettings = {
				BUNDLE_LOADER = "$(TEST_HOST)";
				FRAMEWORK_SEARCH_PATHS = (
					"$(SDKROOT)/Developer/Library/Frameworks",
					"$(inherited)",
				);
				INFOPLIST_FILE = layout_1Tests/Info.plist;
				LD_RUNPATH_SEARCH_PATHS = "$(inherited) @executable_path/Frameworks @loader_path/Frameworks";
				PRODUCT_NAME = "$(TARGET_NAME)";
				TEST_HOST = "$(BUILT_PRODUCTS_DIR)/layout_1.app/layout_1";
			};
			name = Release;
		};
/* End XCBuildConfiguration section */

/* Begin XCConfigurationList section */
		EC9B53B21AA7ED1500348B31 /* Build configuration list for PBXProject "layout_1" */ = {
			isa = XCConfigurationList;
			buildConfigurations = (
				EC9B53D41AA7ED1500348B31 /* Debug */,
				EC9B53D51AA7ED1500348B31 /* Release */,
			);
			defaultConfigurationIsVisible = 0;
			defaultConfigurationName = Release;
		};
		EC9B53D61AA7ED1500348B31 /* Build configuration list for PBXNativeTarget "layout_1" */ = {
			isa = XCConfigurationList;
			buildConfigurations = (
				EC9B53D71AA7ED1500348B31 /* Debug */,
				EC9B53D81AA7ED1500348B31 /* Release */,
			);
			defaultConfigurationIsVisible = 0;
			defaultConfigurationName = Release;
		};
		EC9B53D91AA7ED1500348B31 /* Build configuration list for PBXNativeTarget "layout_1Tests" */ = {
			isa = XCConfigurationList;
			buildConfigurations = (
				EC9B53DA1AA7ED1500348B31 /* Debug */,
				EC9B53DB1AA7ED1500348B31 /* Release */,
			);
			defaultConfigurationIsVisible = 0;
			defaultConfigurationName = Release;
		};
/* End XCConfigurationList section */

/* Begin XCVersionGroup section */
		EC4EDD4E1AAFF32D006270F3 /* layout_1.xcdatamodeld */ = {
			isa = XCVersionGroup;
			children = (
				EC4EDD4F1AAFF32D006270F3 /* tet_core_data.xcdatamodel */,
			);
			currentVersion = EC4EDD4F1AAFF32D006270F3 /* tet_core_data.xcdatamodel */;
			name = layout_1.xcdatamodeld;
			path = tet_core_data.xcdatamodeld;
			sourceTree = "<group>";
			versionGroupType = wrapper.xcdatamodel;
		};
/* End XCVersionGroup section */
	};
	rootObject = EC9B53AF1AA7ED1500348B31 /* Project object */;
}
